
Microsoft Visual Studio Solution File, Format Version 12.00
# Visual Studio Version 16
VisualStudioVersion = 16.0.29230.47
MinimumVisualStudioVersion = 10.0.40219.1
Project("{FAE04EC0-301F-11D3-BF4B-00C04F79EFBC}") = "GestionDatos", "GestionDatos\GestionDatos.csproj", "{155ADB5B-795D-454D-9176-94BBB22FFB6B}"
EndProject
Project("{FAE04EC0-301F-11D3-BF4B-00C04F79EFBC}") = "Formularios", "Formularios\Formularios.csproj", "{341305CA-9B38-4361-8636-28C80BD4F9E9}"
EndProject
Project("{FAE04EC0-301F-11D3-BF4B-00C04F79EFBC}") = "Entidades", "Entidades\Entidades.csproj", "{FBCCB621-CD86-4C6B-972E-DB4D833DFBBF}"
EndProject
Global
	GlobalSection(SolutionConfigurationPlatforms) = preSolution
		Debug|Any CPU = Debug|Any CPU
		Release|Any CPU = Release|Any CPU
	EndGlobalSection
	GlobalSection(ProjectConfigurationPlatforms) = postSolution
		{155ADB5B-795D-454D-9176-94BBB22FFB6B}.Debug|Any CPU.ActiveCfg = Debug|Any CPU
		{155ADB5B-795D-454D-9176-94BBB22FFB6B}.Debug|Any CPU.Build.0 = Debug|Any CPU
		{155ADB5B-795D-454D-9176-94BBB22FFB6B}.Release|Any CPU.ActiveCfg = Release|Any CPU
		{155ADB5B-795D-454D-9176-94BBB22FFB6B}.Release|Any CPU.Build.0 = Release|Any CPU
		{341305CA-9B38-4361-8636-28C80BD4F9E9}.Debug|Any CPU.ActiveCfg = Debug|Any CPU
		{341305CA-9B38-4361-8636-28C80BD4F9E9}.Debug|Any CPU.Build.0 = Debug|Any CPU
		{341305CA-9B38-4361-8636-28C80BD4F9E9}.Release|Any CPU.ActiveCfg = Release|Any CPU
		{341305CA-9B38-4361-8636-28C80BD4F9E9}.Release|Any CPU.Build.0 = Release|Any CPU
		{FBCCB621-CD86-4C6B-972E-DB4D833DFBBF}.Debug|Any CPU.ActiveCfg = Debug|Any CPU
		{FBCCB621-CD86-4C6B-972E-DB4D833DFBBF}.Debug|Any CPU.Build.0 = Debug|Any CPU
		{FBCCB621-CD86-4C6B-972E-DB4D833DFBBF}.Release|Any CPU.ActiveCfg = Release|Any CPU
		{FBCCB621-CD86-4C6B-972E-DB4D833DFBBF}.Release|Any CPU.Build.0 = Release|Any CPU
	EndGlobalSection
	GlobalSection(SolutionProperties) = preSolution
		HideSolutionNode = FALSE
	EndGlobalSection
	GlobalSection(ExtensibilityGlobals) = postSolution
		SolutionGuid = {23ABD800-A898-4D89-99E4-2496F48C3F53}
	EndGlobalSection
EndGlobal
